// !$*UTF8*$!
{
	archiveVersion = 1;
	classes = {
	};
	objectVersion = 55;
	objects = {

/* Begin PBXBuildFile section */
		CA1B321827EA6EC200F81992 /* ProgressBar.swift in Sources */ = {isa = PBXBuildFile; fileRef = CA1B321727EA6EC200F81992 /* ProgressBar.swift */; };
		CA1B321A27EA871000F81992 /* QuestionView.swift in Sources */ = {isa = PBXBuildFile; fileRef = CA1B321927EA871000F81992 /* QuestionView.swift */; };
		CA2F8EB427E90C8400CC2399 /* SE_ProjectApp.swift in Sources */ = {isa = PBXBuildFile; fileRef = CA2F8EB327E90C8400CC2399 /* SE_ProjectApp.swift */; };
		CA2F8EB627E90C8400CC2399 /* ContentView.swift in Sources */ = {isa = PBXBuildFile; fileRef = CA2F8EB527E90C8400CC2399 /* ContentView.swift */; };
		CA2F8EB827E90C8400CC2399 /* Assets.xcassets in Resources */ = {isa = PBXBuildFile; fileRef = CA2F8EB727E90C8400CC2399 /* Assets.xcassets */; };
		CA2F8EBB27E90C8400CC2399 /* Preview Assets.xcassets in Resources */ = {isa = PBXBuildFile; fileRef = CA2F8EBA27E90C8400CC2399 /* Preview Assets.xcassets */; };
		CA2F8EE127E917F400CC2399 /* MainButton.swift in Sources */ = {isa = PBXBuildFile; fileRef = CA2F8EE027E917F400CC2399 /* MainButton.swift */; };
		CAD01CD527F3A76700586C4F /* SeeMoreButton.swift in Sources */ = {isa = PBXBuildFile; fileRef = CAD01CD427F3A76700586C4F /* SeeMoreButton.swift */; };
		CAD01CD827F3B38800586C4F /* SeeMoreView.swift in Sources */ = {isa = PBXBuildFile; fileRef = CAD01CD727F3B38800586C4F /* SeeMoreView.swift */; };
		CAD59B8A27F2511400155AEA /* AnswersUI.swift in Sources */ = {isa = PBXBuildFile; fileRef = CAD59B8927F2511400155AEA /* AnswersUI.swift */; };
		CAD59B8C27F3698F00155AEA /* TriviaGameModeView.swift in Sources */ = {isa = PBXBuildFile; fileRef = CAD59B8B27F3698F00155AEA /* TriviaGameModeView.swift */; };
		CAD59B9127F3878700155AEA /* DataLoader.swift in Sources */ = {isa = PBXBuildFile; fileRef = CAD59B9027F3878700155AEA /* DataLoader.swift */; };
		CAD59B9327F3878E00155AEA /* database.swift in Sources */ = {isa = PBXBuildFile; fileRef = CAD59B9227F3878E00155AEA /* database.swift */; };
/* End PBXBuildFile section */

/* Begin PBXFileReference section */
		CA1B321727EA6EC200F81992 /* ProgressBar.swift */ = {isa = PBXFileReference; lastKnownFileType = sourcecode.swift; path = ProgressBar.swift; sourceTree = "<group>"; };
		CA1B321927EA871000F81992 /* QuestionView.swift */ = {isa = PBXFileReference; lastKnownFileType = sourcecode.swift; path = QuestionView.swift; sourceTree = "<group>"; };
		CA2F8EB027E90C8400CC2399 /* SE-Project.app */ = {isa = PBXFileReference; explicitFileType = wrapper.application; includeInIndex = 0; path = "SE-Project.app"; sourceTree = BUILT_PRODUCTS_DIR; };
		CA2F8EB327E90C8400CC2399 /* SE_ProjectApp.swift */ = {isa = PBXFileReference; lastKnownFileType = sourcecode.swift; path = SE_ProjectApp.swift; sourceTree = "<group>"; };
		CA2F8EB527E90C8400CC2399 /* ContentView.swift */ = {isa = PBXFileReference; lastKnownFileType = sourcecode.swift; path = ContentView.swift; sourceTree = "<group>"; };
		CA2F8EB727E90C8400CC2399 /* Assets.xcassets */ = {isa = PBXFileReference; lastKnownFileType = folder.assetcatalog; path = Assets.xcassets; sourceTree = "<group>"; };
		CA2F8EBA27E90C8400CC2399 /* Preview Assets.xcassets */ = {isa = PBXFileReference; lastKnownFileType = folder.assetcatalog; path = "Preview Assets.xcassets"; sourceTree = "<group>"; };
		CA2F8EE027E917F400CC2399 /* MainButton.swift */ = {isa = PBXFileReference; lastKnownFileType = sourcecode.swift; path = MainButton.swift; sourceTree = "<group>"; };
		CAD01CD427F3A76700586C4F /* SeeMoreButton.swift */ = {isa = PBXFileReference; lastKnownFileType = sourcecode.swift; path = SeeMoreButton.swift; sourceTree = "<group>"; };
		CAD01CD727F3B38800586C4F /* SeeMoreView.swift */ = {isa = PBXFileReference; lastKnownFileType = sourcecode.swift; path = SeeMoreView.swift; sourceTree = "<group>"; };
		CAD59B8927F2511400155AEA /* AnswersUI.swift */ = {isa = PBXFileReference; lastKnownFileType = sourcecode.swift; path = AnswersUI.swift; sourceTree = "<group>"; };
		CAD59B8B27F3698F00155AEA /* TriviaGameModeView.swift */ = {isa = PBXFileReference; lastKnownFileType = sourcecode.swift; path = TriviaGameModeView.swift; sourceTree = "<group>"; };
		CAD59B9027F3878700155AEA /* DataLoader.swift */ = {isa = PBXFileReference; fileEncoding = 4; lastKnownFileType = sourcecode.swift; path = DataLoader.swift; sourceTree = "<group>"; };
		CAD59B9227F3878E00155AEA /* database.swift */ = {isa = PBXFileReference; lastKnownFileType = sourcecode.swift; path = database.swift; sourceTree = "<group>"; };
		CAD59B9427F3879000155AEA /* data.json */ = {isa = PBXFileReference; lastKnownFileType = text.json; path = data.json; sourceTree = "<group>"; };
/* End PBXFileReference section */

/* Begin PBXFrameworksBuildPhase section */
		CA2F8EAD27E90C8400CC2399 /* Frameworks */ = {
			isa = PBXFrameworksBuildPhase;
			buildActionMask = 2147483647;
			files = (
			);
			runOnlyForDeploymentPostprocessing = 0;
		};
/* End PBXFrameworksBuildPhase section */

/* Begin PBXGroup section */
		CA1B321627E91E3A00F81992 /* Views */ = {
			isa = PBXGroup;
			children = (
				CA2F8EB527E90C8400CC2399 /* ContentView.swift */,
				CA1B321927EA871000F81992 /* QuestionView.swift */,
				CAD59B8B27F3698F00155AEA /* TriviaGameModeView.swift */,
				CAD01CD727F3B38800586C4F /* SeeMoreView.swift */,
			);
			path = Views;
			sourceTree = "<group>";
		};
		CA2F8EA727E90C8400CC2399 = {
			isa = PBXGroup;
			children = (
				CA2F8EB227E90C8400CC2399 /* SE-Project */,
				CA2F8EB127E90C8400CC2399 /* Products */,
			);
			sourceTree = "<group>";
		};
		CA2F8EB127E90C8400CC2399 /* Products */ = {
			isa = PBXGroup;
			children = (
				CA2F8EB027E90C8400CC2399 /* SE-Project.app */,
			);
			name = Products;
			sourceTree = "<group>";
		};
		CA2F8EB227E90C8400CC2399 /* SE-Project */ = {
			isa = PBXGroup;
			children = (
				CA2F8EB327E90C8400CC2399 /* SE_ProjectApp.swift */,
				CAD59B8F27F3876A00155AEA /* DataTrivia */,
				CA2F8EDD27E913E600CC2399 /* Components */,
				CA1B321627E91E3A00F81992 /* Views */,
				CA2F8EB727E90C8400CC2399 /* Assets.xcassets */,
				CA2F8EB927E90C8400CC2399 /* Preview Content */,
			);
			path = "SE-Project";
			sourceTree = "<group>";
		};
		CA2F8EB927E90C8400CC2399 /* Preview Content */ = {
			isa = PBXGroup;
			children = (
				CA2F8EBA27E90C8400CC2399 /* Preview Assets.xcassets */,
			);
			path = "Preview Content";
			sourceTree = "<group>";
		};
		CA2F8EDD27E913E600CC2399 /* Components */ = {
			isa = PBXGroup;
			children = (
				CA2F8EE027E917F400CC2399 /* MainButton.swift */,
				CA1B321727EA6EC200F81992 /* ProgressBar.swift */,
				CAD59B8927F2511400155AEA /* AnswersUI.swift */,
				CAD01CD427F3A76700586C4F /* SeeMoreButton.swift */,
			);
			path = Components;
			sourceTree = "<group>";
		};
		CAD59B8F27F3876A00155AEA /* DataTrivia */ = {
			isa = PBXGroup;
			children = (
				CAD59B9427F3879000155AEA /* data.json */,
				CAD59B9227F3878E00155AEA /* database.swift */,
				CAD59B9027F3878700155AEA /* DataLoader.swift */,
			);
			path = DataTrivia;
			sourceTree = "<group>";
		};
/* End PBXGroup section */

/* Begin PBXNativeTarget section */
		CA2F8EAF27E90C8400CC2399 /* SE-Project */ = {
			isa = PBXNativeTarget;
			buildConfigurationList = CA2F8ED427E90C8400CC2399 /* Build configuration list for PBXNativeTarget "SE-Project" */;
			buildPhases = (
				CA2F8EAC27E90C8400CC2399 /* Sources */,
				CA2F8EAD27E90C8400CC2399 /* Frameworks */,
				CA2F8EAE27E90C8400CC2399 /* Resources */,
			);
			buildRules = (
			);
			dependencies = (
			);
			name = "SE-Project";
			productName = "SE-Project";
			productReference = CA2F8EB027E90C8400CC2399 /* SE-Project.app */;
			productType = "com.apple.product-type.application";
		};
/* End PBXNativeTarget section */

/* Begin PBXProject section */
		CA2F8EA827E90C8400CC2399 /* Project object */ = {
			isa = PBXProject;
			attributes = {
				BuildIndependentTargetsInParallel = 1;
				LastSwiftUpdateCheck = 1330;
				LastUpgradeCheck = 1330;
				TargetAttributes = {
					CA2F8EAF27E90C8400CC2399 = {
						CreatedOnToolsVersion = 13.3;
					};
				};
			};
			buildConfigurationList = CA2F8EAB27E90C8400CC2399 /* Build configuration list for PBXProject "SE-Project" */;
			compatibilityVersion = "Xcode 13.0";
			developmentRegion = en;
			hasScannedForEncodings = 0;
			knownRegions = (
				en,
				Base,
			);
			mainGroup = CA2F8EA727E90C8400CC2399;
			productRefGroup = CA2F8EB127E90C8400CC2399 /* Products */;
			projectDirPath = "";
			projectRoot = "";
			targets = (
				CA2F8EAF27E90C8400CC2399 /* SE-Project */,
			);
		};
/* End PBXProject section */

/* Begin PBXResourcesBuildPhase section */
		CA2F8EAE27E90C8400CC2399 /* Resources */ = {
			isa = PBXResourcesBuildPhase;
			buildActionMask = 2147483647;
			files = (
				CA2F8EBB27E90C8400CC2399 /* Preview Assets.xcassets in Resources */,
				CA2F8EB827E90C8400CC2399 /* Assets.xcassets in Resources */,
			);
			runOnlyForDeploymentPostprocessing = 0;
		};
/* End PBXResourcesBuildPhase section */

/* Begin PBXSourcesBuildPhase section */
		CA2F8EAC27E90C8400CC2399 /* Sources */ = {
			isa = PBXSourcesBuildPhase;
			buildActionMask = 2147483647;
			files = (
				CA1B321A27EA871000F81992 /* QuestionView.swift in Sources */,
				CA2F8EB627E90C8400CC2399 /* ContentView.swift in Sources */,
				CAD01CD527F3A76700586C4F /* SeeMoreButton.swift in Sources */,
				CA2F8EE127E917F400CC2399 /* MainButton.swift in Sources */,
				CAD59B8C27F3698F00155AEA /* TriviaGameModeView.swift in Sources */,
				CAD59B8A27F2511400155AEA /* AnswersUI.swift in Sources */,
				CA1B321827EA6EC200F81992 /* ProgressBar.swift in Sources */,
				CAD01CD827F3B38800586C4F /* SeeMoreView.swift in Sources */,
				CA2F8EB427E90C8400CC2399 /* SE_ProjectApp.swift in Sources */,
				CAD59B9327F3878E00155AEA /* database.swift in Sources */,
				CAD59B9127F3878700155AEA /* DataLoader.swift in Sources */,
			);
			runOnlyForDeploymentPostprocessing = 0;
		};
/* End PBXSourcesBuildPhase section */

/* Begin XCBuildConfiguration section */
		CA2F8ED227E90C8400CC2399 /* Debug */ = {
			isa = XCBuildConfiguration;
			buildSettings = {
				ALWAYS_SEARCH_USER_PATHS = NO;
				CLANG_ANALYZER_NONNULL = YES;
				CLANG_ANALYZER_NUMBER_OBJECT_CONVERSION = YES_AGGRESSIVE;
				CLANG_CXX_LANGUAGE_STANDARD = "gnu++17";
				CLANG_ENABLE_MODULES = YES;
				CLANG_ENABLE_OBJC_ARC = YES;
				CLANG_ENABLE_OBJC_WEAK = YES;
				CLANG_WARN_BLOCK_CAPTURE_AUTORELEASING = YES;
				CLANG_WARN_BOOL_CONVERSION = YES;
				CLANG_WARN_COMMA = YES;
				CLANG_WARN_CONSTANT_CONVERSION = YES;
				CLANG_WARN_DEPRECATED_OBJC_IMPLEMENTATIONS = YES;
				CLANG_WARN_DIRECT_OBJC_ISA_USAGE = YES_ERROR;
				CLANG_WARN_DOCUMENTATION_COMMENTS = YES;
				CLANG_WARN_EMPTY_BODY = YES;
				CLANG_WARN_ENUM_CONVERSION = YES;
				CLANG_WARN_INFINITE_RECURSION = YES;
				CLANG_WARN_INT_CONVERSION = YES;
				CLANG_WARN_NON_LITERAL_NULL_CONVERSION = YES;
				CLANG_WARN_OBJC_IMPLICIT_RETAIN_SELF = YES;
				CLANG_WARN_OBJC_LITERAL_CONVERSION = YES;
				CLANG_WARN_OBJC_ROOT_CLASS = YES_ERROR;
				CLANG_WARN_QUOTED_INCLUDE_IN_FRAMEWORK_HEADER = YES;
				CLANG_WARN_RANGE_LOOP_ANALYSIS = YES;
				CLANG_WARN_STRICT_PROTOTYPES = YES;
				CLANG_WARN_SUSPICIOUS_MOVE = YES;
				CLANG_WARN_UNGUARDED_AVAILABILITY = YES_AGGRESSIVE;
				CLANG_WARN_UNREACHABLE_CODE = YES;
				CLANG_WARN__DUPLICATE_METHOD_MATCH = YES;
				COPY_PHASE_STRIP = NO;
				DEBUG_INFORMATION_FORMAT = dwarf;
				ENABLE_STRICT_OBJC_MSGSEND = YES;
				ENABLE_TESTABILITY = YES;
				GCC_C_LANGUAGE_STANDARD = gnu11;
				GCC_DYNAMIC_NO_PIC = NO;
				GCC_NO_COMMON_BLOCKS = YES;
				GCC_OPTIMIZATION_LEVEL = 0;
				GCC_PREPROCESSOR_DEFINITIONS = (
					"DEBUG=1",
					"$(inherited)",
				);
				GCC_WARN_64_TO_32_BIT_CONVERSION = YES;
				GCC_WARN_ABOUT_RETURN_TYPE = YES_ERROR;
				GCC_WARN_UNDECLARED_SELECTOR = YES;
				GCC_WARN_UNINITIALIZED_AUTOS = YES_AGGRESSIVE;
				GCC_WARN_UNUSED_FUNCTION = YES;
				GCC_WARN_UNUSED_VARIABLE = YES;
				IPHONEOS_DEPLOYMENT_TARGET = 15.4;
				MTL_ENABLE_DEBUG_INFO = INCLUDE_SOURCE;
				MTL_FAST_MATH = YES;
				ONLY_ACTIVE_ARCH = YES;
				SDKROOT = iphoneos;
				SWIFT_ACTIVE_COMPILATION_CONDITIONS = DEBUG;
				SWIFT_OPTIMIZATION_LEVEL = "-Onone";
			};
			name = Debug;
		};
		CA2F8ED327E90C8400CC2399 /* Release */ = {
			isa = XCBuildConfiguration;
			buildSettings = {
				ALWAYS_SEARCH_USER_PATHS = NO;
				CLANG_ANALYZER_NONNULL = YES;
				CLANG_ANALYZER_NUMBER_OBJECT_CONVERSION = YES_AGGRESSIVE;
				CLANG_CXX_LANGUAGE_STANDARD = "gnu++17";
				CLANG_ENABLE_MODULES = YES;
				CLANG_ENABLE_OBJC_ARC = YES;
				CLANG_ENABLE_OBJC_WEAK = YES;
				CLANG_WARN_BLOCK_CAPTURE_AUTORELEASING = YES;
				CLANG_WARN_BOOL_CONVERSION = YES;
				CLANG_WARN_COMMA = YES;
				CLANG_WARN_CONSTANT_CONVERSION = YES;
				CLANG_WARN_DEPRECATED_OBJC_IMPLEMENTATIONS = YES;
				CLANG_WARN_DIRECT_OBJC_ISA_USAGE = YES_ERROR;
				CLANG_WARN_DOCUMENTATION_COMMENTS = YES;
				CLANG_WARN_EMPTY_BODY = YES;
				CLANG_WARN_ENUM_CONVERSION = YES;
				CLANG_WARN_INFINITE_RECURSION = YES;
				CLANG_WARN_INT_CONVERSION = YES;
				CLANG_WARN_NON_LITERAL_NULL_CONVERSION = YES;
				CLANG_WARN_OBJC_IMPLICIT_RETAIN_SELF = YES;
				CLANG_WARN_OBJC_LITERAL_CONVERSION = YES;
				CLANG_WARN_OBJC_ROOT_CLASS = YES_ERROR;
				CLANG_WARN_QUOTED_INCLUDE_IN_FRAMEWORK_HEADER = YES;
				CLANG_WARN_RANGE_LOOP_ANALYSIS = YES;
				CLANG_WARN_STRICT_PROTOTYPES = YES;
				CLANG_WARN_SUSPICIOUS_MOVE = YES;
				CLANG_WARN_UNGUARDED_AVAILABILITY = YES_AGGRESSIVE;
				CLANG_WARN_UNREACHABLE_CODE = YES;
				CLANG_WARN__DUPLICATE_METHOD_MATCH = YES;
				COPY_PHASE_STRIP = NO;
				DEBUG_INFORMATION_FORMAT = "dwarf-with-dsym";
				ENABLE_NS_ASSERTIONS = NO;
				ENABLE_STRICT_OBJC_MSGSEND = YES;
				GCC_C_LANGUAGE_STANDARD = gnu11;
				GCC_NO_COMMON_BLOCKS = YES;
				GCC_WARN_64_TO_32_BIT_CONVERSION = YES;
				GCC_WARN_ABOUT_RETURN_TYPE = YES_ERROR;
				GCC_WARN_UNDECLARED_SELECTOR = YES;
				GCC_WARN_UNINITIALIZED_AUTOS = YES_AGGRESSIVE;
				GCC_WARN_UNUSED_FUNCTION = YES;
				GCC_WARN_UNUSED_VARIABLE = YES;
				IPHONEOS_DEPLOYMENT_TARGET = 15.4;
				MTL_ENABLE_DEBUG_INFO = NO;
				MTL_FAST_MATH = YES;
				ONLY_ACTIVE_ARCH = NO;
				SDKROOT = iphoneos;
				SWIFT_COMPILATION_MODE = wholemodule;
				SWIFT_OPTIMIZATION_LEVEL = "-O";
				VALIDATE_PRODUCT = YES;
			};
			name = Release;
		};
		CA2F8ED527E90C8400CC2399 /* Debug */ = {
			isa = XCBuildConfiguration;
			buildSettings = {
				ASSETCATALOG_COMPILER_APPICON_NAME = AppIcon;
				ASSETCATALOG_COMPILER_GLOBAL_ACCENT_COLOR_NAME = AccentColor;
				CODE_SIGN_STYLE = Automatic;
				CURRENT_PROJECT_VERSION = 1;
				DEVELOPMENT_ASSET_PATHS = "\"SE-Project/Preview Content\"";
				DEVELOPMENT_TEAM = SQ7XY34T5L;
				ENABLE_PREVIEWS = YES;
				GENERATE_INFOPLIST_FILE = YES;
				INFOPLIST_KEY_UIApplicationSceneManifest_Generation = YES;
				INFOPLIST_KEY_UIApplicationSupportsIndirectInputEvents = YES;
				INFOPLIST_KEY_UILaunchScreen_Generation = YES;
				INFOPLIST_KEY_UISupportedInterfaceOrientations_iPad = "UIInterfaceOrientationPortrait UIInterfaceOrientationPortraitUpsideDown UIInterfaceOrientationLandscapeLeft UIInterfaceOrientationLandscapeRight";
				INFOPLIST_KEY_UISupportedInterfaceOrientations_iPhone = "UIInterfaceOrientationPortrait UIInterfaceOrientationLandscapeLeft UIInterfaceOrientationLandscapeRight";
				LD_RUNPATH_SEARCH_PATHS = (
					"$(inherited)",
					"@executable_path/Frameworks",
				);
				MARKETING_VERSION = 1.0;
				PRODUCT_BUNDLE_IDENTIFIER = "Lucas.SE-Project";
				PRODUCT_NAME = "$(TARGET_NAME)";
				SWIFT_EMIT_LOC_STRINGS = YES;
				SWIFT_VERSION = 5.0;
				TARGETED_DEVICE_FAMILY = "1,2";
			};
			name = Debug;
		};
		CA2F8ED627E90C8400CC2399 /* Release */ = {
			isa = XCBuildConfiguration;
			buildSettings = {
				ASSETCATALOG_COMPILER_APPICON_NAME = AppIcon;
				ASSETCATALOG_COMPILER_GLOBAL_ACCENT_COLOR_NAME = AccentColor;
				CODE_SIGN_STYLE = Automatic;
				CURRENT_PROJECT_VERSION = 1;
				DEVELOPMENT_ASSET_PATHS = "\"SE-Project/Preview Content\"";
				DEVELOPMENT_TEAM = SQ7XY34T5L;
				ENABLE_PREVIEWS = YES;
				GENERATE_INFOPLIST_FILE = YES;
				INFOPLIST_KEY_UIApplicationSceneManifest_Generation = YES;
				INFOPLIST_KEY_UIApplicationSupportsIndirectInputEvents = YES;
				INFOPLIST_KEY_UILaunchScreen_Generation = YES;
				INFOPLIST_KEY_UISupportedInterfaceOrientations_iPad = "UIInterfaceOrientationPortrait UIInterfaceOrientationPortraitUpsideDown UIInterfaceOrientationLandscapeLeft UIInterfaceOrientationLandscapeRight";
				INFOPLIST_KEY_UISupportedInterfaceOrientations_iPhone = "UIInterfaceOrientationPortrait UIInterfaceOrientationLandscapeLeft UIInterfaceOrientationLandscapeRight";
				LD_RUNPATH_SEARCH_PATHS = (
					"$(inherited)",
					"@executable_path/Frameworks",
				);
				MARKETING_VERSION = 1.0;
				PRODUCT_BUNDLE_IDENTIFIER = "Lucas.SE-Project";
				PRODUCT_NAME = "$(TARGET_NAME)";
				SWIFT_EMIT_LOC_STRINGS = YES;
				SWIFT_VERSION = 5.0;
				TARGETED_DEVICE_FAMILY = "1,2";
			};
			name = Release;
		};
/* End XCBuildConfiguration section */

/* Begin XCConfigurationList section */
		CA2F8EAB27E90C8400CC2399 /* Build configuration list for PBXProject "SE-Project" */ = {
			isa = XCConfigurationList;
			buildConfigurations = (
				CA2F8ED227E90C8400CC2399 /* Debug */,
				CA2F8ED327E90C8400CC2399 /* Release */,
			);
			defaultConfigurationIsVisible = 0;
			defaultConfigurationName = Release;
		};
		CA2F8ED427E90C8400CC2399 /* Build configuration list for PBXNativeTarget "SE-Project" */ = {
			isa = XCConfigurationList;
			buildConfigurations = (
				CA2F8ED527E90C8400CC2399 /* Debug */,
				CA2F8ED627E90C8400CC2399 /* Release */,
			);
			defaultConfigurationIsVisible = 0;
			defaultConfigurationName = Release;
		};
/* End XCConfigurationList section */
	};
	rootObject = CA2F8EA827E90C8400CC2399 /* Project object */;
}
